// !$*UTF8*$!
{
	archiveVersion = 1;
	classes = {
	};
	objectVersion = 46;
	objects = {

/* Begin PBXBuildFile section */
		E003580B13FCF5C1009C5C2D /* UIKit.framework in Frameworks */ = {isa = PBXBuildFile; fileRef = E003580A13FCF5C1009C5C2D /* UIKit.framework */; };
		E003580D13FCF5C1009C5C2D /* Foundation.framework in Frameworks */ = {isa = PBXBuildFile; fileRef = E003580C13FCF5C1009C5C2D /* Foundation.framework */; };
		E003580F13FCF5C1009C5C2D /* CoreGraphics.framework in Frameworks */ = {isa = PBXBuildFile; fileRef = E003580E13FCF5C1009C5C2D /* CoreGraphics.framework */; };
		E003581513FCF5C1009C5C2D /* InfoPlist.strings in Resources */ = {isa = PBXBuildFile; fileRef = E003581313FCF5C1009C5C2D /* InfoPlist.strings */; };
		E003581813FCF5C1009C5C2D /* main.m in Sources */ = {isa = PBXBuildFile; fileRef = E003581713FCF5C1009C5C2D /* main.m */; };
		E003581B13FCF5C1009C5C2D /* ViewCreationUsingXIbAppDelegate.m in Sources */ = {isa = PBXBuildFile; fileRef = E003581A13FCF5C1009C5C2D /* ViewCreationUsingXIbAppDelegate.m */; };
		E003581E13FCF5C1009C5C2D /* MainWindow.xib in Resources */ = {isa = PBXBuildFile; fileRef = E003581C13FCF5C1009C5C2D /* MainWindow.xib */; };
		E003582113FCF5C1009C5C2D /* ViewCreationUsingXIbViewController.m in Sources */ = {isa = PBXBuildFile; fileRef = E003582013FCF5C1009C5C2D /* ViewCreationUsingXIbViewController.m */; };
		E003582413FCF5C1009C5C2D /* ViewCreationUsingXIbViewController.xib in Resources */ = {isa = PBXBuildFile; fileRef = E003582213FCF5C1009C5C2D /* ViewCreationUsingXIbViewController.xib */; };
		E003582B13FCF5C1009C5C2D /* UIKit.framework in Frameworks */ = {isa = PBXBuildFile; fileRef = E003580A13FCF5C1009C5C2D /* UIKit.framework */; };
		E003582C13FCF5C1009C5C2D /* Foundation.framework in Frameworks */ = {isa = PBXBuildFile; fileRef = E003580C13FCF5C1009C5C2D /* Foundation.framework */; };
		E003582D13FCF5C1009C5C2D /* CoreGraphics.framework in Frameworks */ = {isa = PBXBuildFile; fileRef = E003580E13FCF5C1009C5C2D /* CoreGraphics.framework */; };
		E003583513FCF5C1009C5C2D /* InfoPlist.strings in Resources */ = {isa = PBXBuildFile; fileRef = E003583313FCF5C1009C5C2D /* InfoPlist.strings */; };
		E003583813FCF5C1009C5C2D /* ViewCreationUsingXIbTests.h in Resources */ = {isa = PBXBuildFile; fileRef = E003583713FCF5C1009C5C2D /* ViewCreationUsingXIbTests.h */; };
		E003583A13FCF5C1009C5C2D /* ViewCreationUsingXIbTests.m in Sources */ = {isa = PBXBuildFile; fileRef = E003583913FCF5C1009C5C2D /* ViewCreationUsingXIbTests.m */; };
		E003584713FCF5EE009C5C2D /* CustomView.m in Sources */ = {isa = PBXBuildFile; fileRef = E003584613FCF5EE009C5C2D /* CustomView.m */; };
		E003584D13FCF718009C5C2D /* CustomView.xib in Resources */ = {isa = PBXBuildFile; fileRef = E003584C13FCF718009C5C2D /* CustomView.xib */; };
/* End PBXBuildFile section */

/* Begin PBXContainerItemProxy section */
		E003582E13FCF5C1009C5C2D /* PBXContainerItemProxy */ = {
			isa = PBXContainerItemProxy;
			containerPortal = E00357FD13FCF5C1009C5C2D /* Project object */;
			proxyType = 1;
			remoteGlobalIDString = E003580513FCF5C1009C5C2D;
			remoteInfo = ViewCreationUsingXIb;
		};
/* End PBXContainerItemProxy section */

/* Begin PBXFileReference section */
		E003580613FCF5C1009C5C2D /* ViewCreationUsingXIb.app */ = {isa = PBXFileReference; explicitFileType = wrapper.application; includeInIndex = 0; path = ViewCreationUsingXIb.app; sourceTree = BUILT_PRODUCTS_DIR; };
		E003580A13FCF5C1009C5C2D /* UIKit.framework */ = {isa = PBXFileReference; lastKnownFileType = wrapper.framework; name = UIKit.framework; path = System/Library/Frameworks/UIKit.framework; sourceTree = SDKROOT; };
		E003580C13FCF5C1009C5C2D /* Foundation.framework */ = {isa = PBXFileReference; lastKnownFileType = wrapper.framework; name = Foundation.framework; path = System/Library/Frameworks/Foundation.framework; sourceTree = SDKROOT; };
		E003580E13FCF5C1009C5C2D /* CoreGraphics.framework */ = {isa = PBXFileReference; lastKnownFileType = wrapper.framework; name = CoreGraphics.framework; path = System/Library/Frameworks/CoreGraphics.framework; sourceTree = SDKROOT; };
		E003581213FCF5C1009C5C2D /* ViewCreationUsingXIb-Info.plist */ = {isa = PBXFileReference; lastKnownFileType = text.plist.xml; path = "ViewCreationUsingXIb-Info.plist"; sourceTree = "<group>"; };
		E003581413FCF5C1009C5C2D /* en */ = {isa = PBXFileReference; lastKnownFileType = text.plist.strings; name = en; path = en.lproj/InfoPlist.strings; sourceTree = "<group>"; };
		E003581613FCF5C1009C5C2D /* ViewCreationUsingXIb-Prefix.pch */ = {isa = PBXFileReference; lastKnownFileType = sourcecode.c.h; path = "ViewCreationUsingXIb-Prefix.pch"; sourceTree = "<group>"; };
		E003581713FCF5C1009C5C2D /* main.m */ = {isa = PBXFileReference; lastKnownFileType = sourcecode.c.objc; path = main.m; sourceTree = "<group>"; };
		E003581913FCF5C1009C5C2D /* ViewCreationUsingXIbAppDelegate.h */ = {isa = PBXFileReference; lastKnownFileType = sourcecode.c.h; path = ViewCreationUsingXIbAppDelegate.h; sourceTree = "<group>"; };
		E003581A13FCF5C1009C5C2D /* ViewCreationUsingXIbAppDelegate.m */ = {isa = PBXFileReference; lastKnownFileType = sourcecode.c.objc; path = ViewCreationUsingXIbAppDelegate.m; sourceTree = "<group>"; };
		E003581D13FCF5C1009C5C2D /* en */ = {isa = PBXFileReference; lastKnownFileType = file.xib; name = en; path = en.lproj/MainWindow.xib; sourceTree = "<group>"; };
		E003581F13FCF5C1009C5C2D /* ViewCreationUsingXIbViewController.h */ = {isa = PBXFileReference; lastKnownFileType = sourcecode.c.h; path = ViewCreationUsingXIbViewController.h; sourceTree = "<group>"; };
		E003582013FCF5C1009C5C2D /* ViewCreationUsingXIbViewController.m */ = {isa = PBXFileReference; lastKnownFileType = sourcecode.c.objc; path = ViewCreationUsingXIbViewController.m; sourceTree = "<group>"; };
		E003582313FCF5C1009C5C2D /* en */ = {isa = PBXFileReference; lastKnownFileType = file.xib; name = en; path = en.lproj/ViewCreationUsingXIbViewController.xib; sourceTree = "<group>"; };
		E003582A13FCF5C1009C5C2D /* ViewCreationUsingXIbTests.octest */ = {isa = PBXFileReference; explicitFileType = wrapper.cfbundle; includeInIndex = 0; path = ViewCreationUsingXIbTests.octest; sourceTree = BUILT_PRODUCTS_DIR; };
		E003583213FCF5C1009C5C2D /* ViewCreationUsingXIbTests-Info.plist */ = {isa = PBXFileReference; lastKnownFileType = text.plist.xml; path = "ViewCreationUsingXIbTests-Info.plist"; sourceTree = "<group>"; };
		E003583413FCF5C1009C5C2D /* en */ = {isa = PBXFileReference; lastKnownFileType = text.plist.strings; name = en; path = en.lproj/InfoPlist.strings; sourceTree = "<group>"; };
		E003583613FCF5C1009C5C2D /* ViewCreationUsingXIbTests-Prefix.pch */ = {isa = PBXFileReference; lastKnownFileType = sourcecode.c.h; path = "ViewCreationUsingXIbTests-Prefix.pch"; sourceTree = "<group>"; };
		E003583713FCF5C1009C5C2D /* ViewCreationUsingXIbTests.h */ = {isa = PBXFileReference; lastKnownFileType = sourcecode.c.h; path = ViewCreationUsingXIbTests.h; sourceTree = "<group>"; };
		E003583913FCF5C1009C5C2D /* ViewCreationUsingXIbTests.m */ = {isa = PBXFileReference; lastKnownFileType = sourcecode.c.objc; path = ViewCreationUsingXIbTests.m; sourceTree = "<group>"; };
		E003584513FCF5EE009C5C2D /* CustomView.h */ = {isa = PBXFileReference; fileEncoding = 4; lastKnownFileType = sourcecode.c.h; path = CustomView.h; sourceTree = "<group>"; };
		E003584613FCF5EE009C5C2D /* CustomView.m */ = {isa = PBXFileReference; fileEncoding = 4; lastKnownFileType = sourcecode.c.objc; path = CustomView.m; sourceTree = "<group>"; };
		E003584C13FCF718009C5C2D /* CustomView.xib */ = {isa = PBXFileReference; fileEncoding = 4; lastKnownFileType = file.xib; path = CustomView.xib; sourceTree = "<group>"; };
/* End PBXFileReference section */

/* Begin PBXFrameworksBuildPhase section */
		E003580313FCF5C1009C5C2D /* Frameworks */ = {
			isa = PBXFrameworksBuildPhase;
			buildActionMask = 2147483647;
			files = (
				E003580B13FCF5C1009C5C2D /* UIKit.framework in Frameworks */,
				E003580D13FCF5C1009C5C2D /* Foundation.framework in Frameworks */,
				E003580F13FCF5C1009C5C2D /* CoreGraphics.framework in Frameworks */,
			);
			runOnlyForDeploymentPostprocessing = 0;
		};
		E003582613FCF5C1009C5C2D /* Frameworks */ = {
			isa = PBXFrameworksBuildPhase;
			buildActionMask = 2147483647;
			files = (
				E003582B13FCF5C1009C5C2D /* UIKit.framework in Frameworks */,
				E003582C13FCF5C1009C5C2D /* Foundation.framework in Frameworks */,
				E003582D13FCF5C1009C5C2D /* CoreGraphics.framework in Frameworks */,
			);
			runOnlyForDeploymentPostprocessing = 0;
		};
/* End PBXFrameworksBuildPhase section */

/* Begin PBXGroup section */
		E00357FB13FCF5C1009C5C2D = {
			isa = PBXGroup;
			children = (
				E003581013FCF5C1009C5C2D /* ViewCreationUsingXIb */,
				E003583013FCF5C1009C5C2D /* ViewCreationUsingXIbTests */,
				E003580913FCF5C1009C5C2D /* Frameworks */,
				E003580713FCF5C1009C5C2D /* Products */,
			);
			sourceTree = "<group>";
		};
		E003580713FCF5C1009C5C2D /* Products */ = {
			isa = PBXGroup;
			children = (
				E003580613FCF5C1009C5C2D /* ViewCreationUsingXIb.app */,
				E003582A13FCF5C1009C5C2D /* ViewCreationUsingXIbTests.octest */,
			);
			name = Products;
			sourceTree = "<group>";
		};
		E003580913FCF5C1009C5C2D /* Frameworks */ = {
			isa = PBXGroup;
			children = (
				E003580A13FCF5C1009C5C2D /* UIKit.framework */,
				E003580C13FCF5C1009C5C2D /* Foundation.framework */,
				E003580E13FCF5C1009C5C2D /* CoreGraphics.framework */,
			);
			name = Frameworks;
			sourceTree = "<group>";
		};
		E003581013FCF5C1009C5C2D /* ViewCreationUsingXIb */ = {
			isa = PBXGroup;
			children = (
				E003584513FCF5EE009C5C2D /* CustomView.h */,
				E003584613FCF5EE009C5C2D /* CustomView.m */,
				E003584C13FCF718009C5C2D /* CustomView.xib */,
				E003581913FCF5C1009C5C2D /* ViewCreationUsingXIbAppDelegate.h */,
				E003581A13FCF5C1009C5C2D /* ViewCreationUsingXIbAppDelegate.m */,
				E003581C13FCF5C1009C5C2D /* MainWindow.xib */,
				E003581F13FCF5C1009C5C2D /* ViewCreationUsingXIbViewController.h */,
				E003582013FCF5C1009C5C2D /* ViewCreationUsingXIbViewController.m */,
				E003582213FCF5C1009C5C2D /* ViewCreationUsingXIbViewController.xib */,
				E003581113FCF5C1009C5C2D /* Supporting Files */,
			);
			path = ViewCreationUsingXIb;
			sourceTree = "<group>";
		};
		E003581113FCF5C1009C5C2D /* Supporting Files */ = {
			isa = PBXGroup;
			children = (
				E003581213FCF5C1009C5C2D /* ViewCreationUsingXIb-Info.plist */,
				E003581313FCF5C1009C5C2D /* InfoPlist.strings */,
				E003581613FCF5C1009C5C2D /* ViewCreationUsingXIb-Prefix.pch */,
				E003581713FCF5C1009C5C2D /* main.m */,
			);
			name = "Supporting Files";
			sourceTree = "<group>";
		};
		E003583013FCF5C1009C5C2D /* ViewCreationUsingXIbTests */ = {
			isa = PBXGroup;
			children = (
				E003583713FCF5C1009C5C2D /* ViewCreationUsingXIbTests.h */,
				E003583913FCF5C1009C5C2D /* ViewCreationUsingXIbTests.m */,
				E003583113FCF5C1009C5C2D /* Supporting Files */,
			);
			path = ViewCreationUsingXIbTests;
			sourceTree = "<group>";
		};
		E003583113FCF5C1009C5C2D /* Supporting Files */ = {
			isa = PBXGroup;
			children = (
				E003583213FCF5C1009C5C2D /* ViewCreationUsingXIbTests-Info.plist */,
				E003583313FCF5C1009C5C2D /* InfoPlist.strings */,
				E003583613FCF5C1009C5C2D /* ViewCreationUsingXIbTests-Prefix.pch */,
			);
			name = "Supporting Files";
			sourceTree = "<group>";
		};
/* End PBXGroup section */

/* Begin PBXNativeTarget section */
		E003580513FCF5C1009C5C2D /* ViewCreationUsingXIb */ = {
			isa = PBXNativeTarget;
			buildConfigurationList = E003583D13FCF5C1009C5C2D /* Build configuration list for PBXNativeTarget "ViewCreationUsingXIb" */;
			buildPhases = (
				E003580213FCF5C1009C5C2D /* Sources */,
				E003580313FCF5C1009C5C2D /* Frameworks */,
				E003580413FCF5C1009C5C2D /* Resources */,
			);
			buildRules = (
			);
			dependencies = (
			);
			name = ViewCreationUsingXIb;
			productName = ViewCreationUsingXIb;
			productReference = E003580613FCF5C1009C5C2D /* ViewCreationUsingXIb.app */;
			productType = "com.apple.product-type.application";
		};
		E003582913FCF5C1009C5C2D /* ViewCreationUsingXIbTests */ = {
			isa = PBXNativeTarget;
			buildConfigurationList = E003584013FCF5C1009C5C2D /* Build configuration list for PBXNativeTarget "ViewCreationUsingXIbTests" */;
			buildPhases = (
				E003582513FCF5C1009C5C2D /* Sources */,
				E003582613FCF5C1009C5C2D /* Frameworks */,
				E003582713FCF5C1009C5C2D /* Resources */,
				E003582813FCF5C1009C5C2D /* ShellScript */,
			);
			buildRules = (
			);
			dependencies = (
				E003582F13FCF5C1009C5C2D /* PBXTargetDependency */,
			);
			name = ViewCreationUsingXIbTests;
			productName = ViewCreationUsingXIbTests;
			productReference = E003582A13FCF5C1009C5C2D /* ViewCreationUsingXIbTests.octest */;
			productType = "com.apple.product-type.bundle";
		};
/* End PBXNativeTarget section */

/* Begin PBXProject section */
		E00357FD13FCF5C1009C5C2D /* Project object */ = {
			isa = PBXProject;
			buildConfigurationList = E003580013FCF5C1009C5C2D /* Build configuration list for PBXProject "ViewCreationUsingXIb" */;
			compatibilityVersion = "Xcode 3.2";
			developmentRegion = English;
			hasScannedForEncodings = 0;
			knownRegions = (
				en,
			);
			mainGroup = E00357FB13FCF5C1009C5C2D;
			productRefGroup = E003580713FCF5C1009C5C2D /* Products */;
			projectDirPath = "";
			projectRoot = "";
			targets = (
				E003580513FCF5C1009C5C2D /* ViewCreationUsingXIb */,
				E003582913FCF5C1009C5C2D /* ViewCreationUsingXIbTests */,
			);
		};
/* End PBXProject section */

/* Begin PBXResourcesBuildPhase section */
		E003580413FCF5C1009C5C2D /* Resources */ = {
			isa = PBXResourcesBuildPhase;
			buildActionMask = 2147483647;
			files = (
				E003581513FCF5C1009C5C2D /* InfoPlist.strings in Resources */,
				E003581E13FCF5C1009C5C2D /* MainWindow.xib in Resources */,
				E003582413FCF5C1009C5C2D /* ViewCreationUsingXIbViewController.xib in Resources */,
				E003584D13FCF718009C5C2D /* CustomView.xib in Resources */,
			);
			runOnlyForDeploymentPostprocessing = 0;
		};
		E003582713FCF5C1009C5C2D /* Resources */ = {
			isa = PBXResourcesBuildPhase;
			buildActionMask = 2147483647;
			files = (
				E003583513FCF5C1009C5C2D /* InfoPlist.strings in Resources */,
				E003583813FCF5C1009C5C2D /* ViewCreationUsingXIbTests.h in Resources */,
			);
			runOnlyForDeploymentPostprocessing = 0;
		};
/* End PBXResourcesBuildPhase section */

/* Begin PBXShellScriptBuildPhase section */
		E003582813FCF5C1009C5C2D /* ShellScript */ = {
			isa = PBXShellScriptBuildPhase;
			buildActionMask = 2147483647;
			files = (
			);
			inputPaths = (
			);
			outputPaths = (
			);
			runOnlyForDeploymentPostprocessing = 0;
			shellPath = /bin/sh;
			shellScript = "# Run the unit tests in this test bundle.\n\"${SYSTEM_DEVELOPER_DIR}/Tools/RunUnitTests\"\n";
		};
/* End PBXShellScriptBuildPhase section */

/* Begin PBXSourcesBuildPhase section */
		E003580213FCF5C1009C5C2D /* Sources */ = {
			isa = PBXSourcesBuildPhase;
			buildActionMask = 2147483647;
			files = (
				E003581813FCF5C1009C5C2D /* main.m in Sources */,
				E003581B13FCF5C1009C5C2D /* ViewCreationUsingXIbAppDelegate.m in Sources */,
				E003582113FCF5C1009C5C2D /* ViewCreationUsingXIbViewController.m in Sources */,
				E003584713FCF5EE009C5C2D /* CustomView.m in Sources */,
			);
			runOnlyForDeploymentPostprocessing = 0;
		};
		E003582513FCF5C1009C5C2D /* Sources */ = {
			isa = PBXSourcesBuildPhase;
			buildActionMask = 2147483647;
			files = (
				E003583A13FCF5C1009C5C2D /* ViewCreationUsingXIbTests.m in Sources */,
			);
			runOnlyForDeploymentPostprocessing = 0;
		};
/* End PBXSourcesBuildPhase section */

/* Begin PBXTargetDependency section */
		E003582F13FCF5C1009C5C2D /* PBXTargetDependency */ = {
			isa = PBXTargetDependency;
			target = E003580513FCF5C1009C5C2D /* ViewCreationUsingXIb */;
			targetProxy = E003582E13FCF5C1009C5C2D /* PBXContainerItemProxy */;
		};
/* End PBXTargetDependency section */

/* Begin PBXVariantGroup section */
		E003581313FCF5C1009C5C2D /* InfoPlist.strings */ = {
			isa = PBXVariantGroup;
			children = (
				E003581413FCF5C1009C5C2D /* en */,
			);
			name = InfoPlist.strings;
			sourceTree = "<group>";
		};
		E003581C13FCF5C1009C5C2D /* MainWindow.xib */ = {
			isa = PBXVariantGroup;
			children = (
				E003581D13FCF5C1009C5C2D /* en */,
			);
			name = MainWindow.xib;
			sourceTree = "<group>";
		};
		E003582213FCF5C1009C5C2D /* ViewCreationUsingXIbViewController.xib */ = {
			isa = PBXVariantGroup;
			children = (
				E003582313FCF5C1009C5C2D /* en */,
			);
			name = ViewCreationUsingXIbViewController.xib;
			sourceTree = "<group>";
		};
		E003583313FCF5C1009C5C2D /* InfoPlist.strings */ = {
			isa = PBXVariantGroup;
			children = (
				E003583413FCF5C1009C5C2D /* en */,
			);
			name = InfoPlist.strings;
			sourceTree = "<group>";
		};
/* End PBXVariantGroup section */

/* Begin XCBuildConfiguration section */
		E003583B13FCF5C1009C5C2D /* Debug */ = {
			isa = XCBuildConfiguration;
			buildSettings = {
				ARCHS = "$(ARCHS_STANDARD_32_BIT)";
				"CODE_SIGN_IDENTITY[sdk=iphoneos*]" = "iPhone Developer";
				GCC_C_LANGUAGE_STANDARD = gnu99;
				GCC_OPTIMIZATION_LEVEL = 0;
				GCC_PREPROCESSOR_DEFINITIONS = DEBUG;
				GCC_SYMBOLS_PRIVATE_EXTERN = NO;
				GCC_VERSION = com.apple.compilers.llvmgcc42;
				GCC_WARN_ABOUT_RETURN_TYPE = YES;
				GCC_WARN_UNUSED_VARIABLE = YES;
				IPHONEOS_DEPLOYMENT_TARGET = 4.3;
				SDKROOT = iphoneos;
			};
			name = Debug;
		};
		E003583C13FCF5C1009C5C2D /* Release */ = {
			isa = XCBuildConfiguration;
			buildSettings = {
				ARCHS = "$(ARCHS_STANDARD_32_BIT)";
				"CODE_SIGN_IDENTITY[sdk=iphoneos*]" = "iPhone Developer";
				GCC_C_LANGUAGE_STANDARD = gnu99;
				GCC_VERSION = com.apple.compilers.llvmgcc42;
				GCC_WARN_ABOUT_RETURN_TYPE = YES;
				GCC_WARN_UNUSED_VARIABLE = YES;
				IPHONEOS_DEPLOYMENT_TARGET = 4.3;
				OTHER_CFLAGS = "-DNS_BLOCK_ASSERTIONS=1";
				SDKROOT = iphoneos;
			};
			name = Release;
		};
		E003583E13FCF5C1009C5C2D /* Debug */ = {
			isa = XCBuildConfiguration;
			buildSettings = {
				ALWAYS_SEARCH_USER_PATHS = NO;
				COPY_PHASE_STRIP = NO;
				GCC_DYNAMIC_NO_PIC = NO;
				GCC_PRECOMPILE_PREFIX_HEADER = YES;
				GCC_PREFIX_HEADER = "ViewCreationUsingXIb/ViewCreationUsingXIb-Prefix.pch";
				INFOPLIST_FILE = "ViewCreationUsingXIb/ViewCreationUsingXIb-Info.plist";
				PRODUCT_NAME = "$(TARGET_NAME)";
				WRAPPER_EXTENSION = app;
			};
			name = Debug;
		};
		E003583F13FCF5C1009C5C2D /* Release */ = {
			isa = XCBuildConfiguration;
			buildSettings = {
				ALWAYS_SEARCH_USER_PATHS = NO;
				COPY_PHASE_STRIP = YES;
				GCC_PRECOMPILE_PREFIX_HEADER = YES;
				GCC_PREFIX_HEADER = "ViewCreationUsingXIb/ViewCreationUsingXIb-Prefix.pch";
				INFOPLIST_FILE = "ViewCreationUsingXIb/ViewCreationUsingXIb-Info.plist";
				PRODUCT_NAME = "$(TARGET_NAME)";
				VALIDATE_PRODUCT = YES;
				WRAPPER_EXTENSION = app;
			};
			name = Release;
		};
		E003584113FCF5C1009C5C2D /* Debug */ = {
			isa = XCBuildConfiguration;
			buildSettings = {
				ALWAYS_SEARCH_USER_PATHS = NO;
				BUNDLE_LOADER = "$(BUILT_PRODUCTS_DIR)/ViewCreationUsingXIb.app/ViewCreationUsingXIb";
				FRAMEWORK_SEARCH_PATHS = (
					"$(SDKROOT)/Developer/Library/Frameworks",
					"$(DEVELOPER_LIBRARY_DIR)/Frameworks",
				);
				GCC_PRECOMPILE_PREFIX_HEADER = YES;
				GCC_PREFIX_HEADER = "ViewCreationUsingXIbTests/ViewCreationUsingXIbTests-Prefix.pch";
				INFOPLIST_FILE = "ViewCreationUsingXIbTests/ViewCreationUsingXIbTests-Info.plist";
				OTHER_LDFLAGS = (
					"-framework",
					SenTestingKit,
				);
				PRODUCT_NAME = "$(TARGET_NAME)";
				TEST_HOST = "$(BUNDLE_LOADER)";
				WRAPPER_EXTENSION = octest;
			};
			name = Debug;
		};
		E003584213FCF5C1009C5C2D /* Release */ = {
			isa = XCBuildConfiguration;
			buildSettings = {
				ALWAYS_SEARCH_USER_PATHS = NO;
				BUNDLE_LOADER = "$(BUILT_PRODUCTS_DIR)/ViewCreationUsingXIb.app/ViewCreationUsingXIb";
				FRAMEWORK_SEARCH_PATHS = (
					"$(SDKROOT)/Developer/Library/Frameworks",
					"$(DEVELOPER_LIBRARY_DIR)/Frameworks",
				);
				GCC_PRECOMPILE_PREFIX_HEADER = YES;
				GCC_PREFIX_HEADER = "ViewCreationUsingXIbTests/ViewCreationUsingXIbTests-Prefix.pch";
				INFOPLIST_FILE = "ViewCreationUsingXIbTests/ViewCreationUsingXIbTests-Info.plist";
				OTHER_LDFLAGS = (
					"-framework",
					SenTestingKit,
				);
				PRODUCT_NAME = "$(TARGET_NAME)";
				TEST_HOST = "$(BUNDLE_LOADER)";
				WRAPPER_EXTENSION = octest;
			};
			name = Release;
		};
/* End XCBuildConfiguration section */

/* Begin XCConfigurationList section */
		E003580013FCF5C1009C5C2D /* Build configuration list for PBXProject "ViewCreationUsingXIb" */ = {
			isa = XCConfigurationList;
			buildConfigurations = (
				E003583B13FCF5C1009C5C2D /* Debug */,
				E003583C13FCF5C1009C5C2D /* Release */,
			);
			defaultConfigurationIsVisible = 0;
			defaultConfigurationName = Release;
		};
		E003583D13FCF5C1009C5C2D /* Build configuration list for PBXNativeTarget "ViewCreationUsingXIb" */ = {
			isa = XCConfigurationList;
			buildConfigurations = (
				E003583E13FCF5C1009C5C2D /* Debug */,
				E003583F13FCF5C1009C5C2D /* Release */,
			);
			defaultConfigurationIsVisible = 0;
		};
		E003584013FCF5C1009C5C2D /* Build configuration list for PBXNativeTarget "ViewCreationUsingXIbTests" */ = {
			isa = XCConfigurationList;
			buildConfigurations = (
				E003584113FCF5C1009C5C2D /* Debug */,
				E003584213FCF5C1009C5C2D /* Release */,
			);
			defaultConfigurationIsVisible = 0;
		};
/* End XCConfigurationList section */
	};
	rootObject = E00357FD13FCF5C1009C5C2D /* Project object */;
}
